
Microsoft Visual Studio Solution File, Format Version 12.00
# Visual Studio Version 17
VisualStudioVersion = 17.4.33103.184
MinimumVisualStudioVersion = 10.0.40219.1
Project("{FAE04EC0-301F-11D3-BF4B-00C04F79EFBC}") = "ADONETHW4.1", "ADONETHW4.1\ADONETHW4.1.csproj", "{6D163BC0-EE32-4450-9126-3D2357E3877D}"
EndProject
Global
	GlobalSection(SolutionConfigurationPlatforms) = preSolution
		Debug|Any CPU = Debug|Any CPU
		Release|Any CPU = Release|Any CPU
	EndGlobalSection
	GlobalSection(ProjectConfigurationPlatforms) = postSolution
		{6D163BC0-EE32-4450-9126-3D2357E3877D}.Debug|Any CPU.ActiveCfg = Debug|Any CPU
		{6D163BC0-EE32-4450-9126-3D2357E3877D}.Debug|Any CPU.Build.0 = Debug|Any CPU
		{6D163BC0-EE32-4450-9126-3D2357E3877D}.Release|Any CPU.ActiveCfg = Release|Any CPU
		{6D163BC0-EE32-4450-9126-3D2357E3877D}.Release|Any CPU.Build.0 = Release|Any CPU
	EndGlobalSection
	GlobalSection(SolutionProperties) = preSolution
		HideSolutionNode = FALSE
	EndGlobalSection
	GlobalSection(ExtensibilityGlobals) = postSolution
		SolutionGuid = {332006F8-D7D0-4A83-9ED5-B3046E1FBB47}
	EndGlobalSection
EndGlobal
